// !$*UTF8*$!
{
	archiveVersion = 1;
	classes = {
	};
	objectVersion = 50;
	objects = {

/* Begin PBXBuildFile section */
		97D37717218C292500C81527 /* AppDelegate.m in Sources */ = {isa = PBXBuildFile; fileRef = 97D37716218C292500C81527 /* AppDelegate.m */; };
		97D3771A218C292500C81527 /* ViewController.m in Sources */ = {isa = PBXBuildFile; fileRef = 97D37719218C292500C81527 /* ViewController.m */; };
		97D3771D218C292500C81527 /* Main.storyboard in Resources */ = {isa = PBXBuildFile; fileRef = 97D3771B218C292500C81527 /* Main.storyboard */; };
		97D3771F218C292800C81527 /* Assets.xcassets in Resources */ = {isa = PBXBuildFile; fileRef = 97D3771E218C292800C81527 /* Assets.xcassets */; };
		97D37722218C292800C81527 /* LaunchScreen.storyboard in Resources */ = {isa = PBXBuildFile; fileRef = 97D37720218C292800C81527 /* LaunchScreen.storyboard */; };
		97D37725218C292900C81527 /* main.m in Sources */ = {isa = PBXBuildFile; fileRef = 97D37724218C292900C81527 /* main.m */; };
		97D3772F218C292900C81527 /* ________Tests.m in Sources */ = {isa = PBXBuildFile; fileRef = 97D3772E218C292900C81527 /* ________Tests.m */; };
		97D3773A218C292900C81527 /* ________UITests.m in Sources */ = {isa = PBXBuildFile; fileRef = 97D37739218C292900C81527 /* ________UITests.m */; };
/* End PBXBuildFile section */

/* Begin PBXContainerItemProxy section */
		97D3772B218C292900C81527 /* PBXContainerItemProxy */ = {
			isa = PBXContainerItemProxy;
			containerPortal = 97D3770A218C292500C81527 /* Project object */;
			proxyType = 1;
			remoteGlobalIDString = 97D37711218C292500C81527;
			remoteInfo = "各种基础知识测试";
		};
		97D37736218C292900C81527 /* PBXContainerItemProxy */ = {
			isa = PBXContainerItemProxy;
			containerPortal = 97D3770A218C292500C81527 /* Project object */;
			proxyType = 1;
			remoteGlobalIDString = 97D37711218C292500C81527;
			remoteInfo = "各种基础知识测试";
		};
/* End PBXContainerItemProxy section */

/* Begin PBXFileReference section */
		97D37712218C292500C81527 /* 各种基础知识测试.app */ = {isa = PBXFileReference; explicitFileType = wrapper.application; includeInIndex = 0; path = "各种基础知识测试.app"; sourceTree = BUILT_PRODUCTS_DIR; };
		97D37715218C292500C81527 /* AppDelegate.h */ = {isa = PBXFileReference; lastKnownFileType = sourcecode.c.h; path = AppDelegate.h; sourceTree = "<group>"; };
		97D37716218C292500C81527 /* AppDelegate.m */ = {isa = PBXFileReference; lastKnownFileType = sourcecode.c.objc; path = AppDelegate.m; sourceTree = "<group>"; };
		97D37718218C292500C81527 /* ViewController.h */ = {isa = PBXFileReference; lastKnownFileType = sourcecode.c.h; path = ViewController.h; sourceTree = "<group>"; };
		97D37719218C292500C81527 /* ViewController.m */ = {isa = PBXFileReference; lastKnownFileType = sourcecode.c.objc; path = ViewController.m; sourceTree = "<group>"; };
		97D3771C218C292500C81527 /* Base */ = {isa = PBXFileReference; lastKnownFileType = file.storyboard; name = Base; path = Base.lproj/Main.storyboard; sourceTree = "<group>"; };
		97D3771E218C292800C81527 /* Assets.xcassets */ = {isa = PBXFileReference; lastKnownFileType = folder.assetcatalog; path = Assets.xcassets; sourceTree = "<group>"; };
		97D37721218C292800C81527 /* Base */ = {isa = PBXFileReference; lastKnownFileType = file.storyboard; name = Base; path = Base.lproj/LaunchScreen.storyboard; sourceTree = "<group>"; };
		97D37723218C292800C81527 /* Info.plist */ = {isa = PBXFileReference; lastKnownFileType = text.plist.xml; path = Info.plist; sourceTree = "<group>"; };
		97D37724218C292900C81527 /* main.m */ = {isa = PBXFileReference; lastKnownFileType = sourcecode.c.objc; path = main.m; sourceTree = "<group>"; };
		97D3772A218C292900C81527 /* 各种基础知识测试Tests.xctest */ = {isa = PBXFileReference; explicitFileType = wrapper.cfbundle; includeInIndex = 0; path = "各种基础知识测试Tests.xctest"; sourceTree = BUILT_PRODUCTS_DIR; };
		97D3772E218C292900C81527 /* ________Tests.m */ = {isa = PBXFileReference; lastKnownFileType = sourcecode.c.objc; path = "________Tests.m"; sourceTree = "<group>"; };
		97D37730218C292900C81527 /* Info.plist */ = {isa = PBXFileReference; lastKnownFileType = text.plist.xml; path = Info.plist; sourceTree = "<group>"; };
		97D37735218C292900C81527 /* 各种基础知识测试UITests.xctest */ = {isa = PBXFileReference; explicitFileType = wrapper.cfbundle; includeInIndex = 0; path = "各种基础知识测试UITests.xctest"; sourceTree = BUILT_PRODUCTS_DIR; };
		97D37739218C292900C81527 /* ________UITests.m */ = {isa = PBXFileReference; lastKnownFileType = sourcecode.c.objc; path = "________UITests.m"; sourceTree = "<group>"; };
		97D3773B218C292900C81527 /* Info.plist */ = {isa = PBXFileReference; lastKnownFileType = text.plist.xml; path = Info.plist; sourceTree = "<group>"; };
/* End PBXFileReference section */

/* Begin PBXFrameworksBuildPhase section */
		97D3770F218C292500C81527 /* Frameworks */ = {
			isa = PBXFrameworksBuildPhase;
			buildActionMask = 2147483647;
			files = (
			);
			runOnlyForDeploymentPostprocessing = 0;
		};
		97D37727218C292900C81527 /* Frameworks */ = {
			isa = PBXFrameworksBuildPhase;
			buildActionMask = 2147483647;
			files = (
			);
			runOnlyForDeploymentPostprocessing = 0;
		};
		97D37732218C292900C81527 /* Frameworks */ = {
			isa = PBXFrameworksBuildPhase;
			buildActionMask = 2147483647;
			files = (
			);
			runOnlyForDeploymentPostprocessing = 0;
		};
/* End PBXFrameworksBuildPhase section */

/* Begin PBXGroup section */
		97D37709218C292500C81527 = {
			isa = PBXGroup;
			children = (
				97D37714218C292500C81527 /* 各种基础知识测试 */,
				97D3772D218C292900C81527 /* 各种基础知识测试Tests */,
				97D37738218C292900C81527 /* 各种基础知识测试UITests */,
				97D37713218C292500C81527 /* Products */,
			);
			sourceTree = "<group>";
		};
		97D37713218C292500C81527 /* Products */ = {
			isa = PBXGroup;
			children = (
				97D37712218C292500C81527 /* 各种基础知识测试.app */,
				97D3772A218C292900C81527 /* 各种基础知识测试Tests.xctest */,
				97D37735218C292900C81527 /* 各种基础知识测试UITests.xctest */,
			);
			name = Products;
			sourceTree = "<group>";
		};
		97D37714218C292500C81527 /* 各种基础知识测试 */ = {
			isa = PBXGroup;
			children = (
				97D37715218C292500C81527 /* AppDelegate.h */,
				97D37716218C292500C81527 /* AppDelegate.m */,
				97D37718218C292500C81527 /* ViewController.h */,
				97D37719218C292500C81527 /* ViewController.m */,
				97D3771B218C292500C81527 /* Main.storyboard */,
				97D3771E218C292800C81527 /* Assets.xcassets */,
				97D37720218C292800C81527 /* LaunchScreen.storyboard */,
				97D37723218C292800C81527 /* Info.plist */,
				97D37724218C292900C81527 /* main.m */,
			);
			path = "各种基础知识测试";
			sourceTree = "<group>";
		};
		97D3772D218C292900C81527 /* 各种基础知识测试Tests */ = {
			isa = PBXGroup;
			children = (
				97D3772E218C292900C81527 /* ________Tests.m */,
				97D37730218C292900C81527 /* Info.plist */,
			);
			path = "各种基础知识测试Tests";
			sourceTree = "<group>";
		};
		97D37738218C292900C81527 /* 各种基础知识测试UITests */ = {
			isa = PBXGroup;
			children = (
				97D37739218C292900C81527 /* ________UITests.m */,
				97D3773B218C292900C81527 /* Info.plist */,
			);
			path = "各种基础知识测试UITests";
			sourceTree = "<group>";
		};
/* End PBXGroup section */

/* Begin PBXNativeTarget section */
		97D37711218C292500C81527 /* 各种基础知识测试 */ = {
			isa = PBXNativeTarget;
			buildConfigurationList = 97D3773E218C292900C81527 /* Build configuration list for PBXNativeTarget "各种基础知识测试" */;
			buildPhases = (
				97D3770E218C292500C81527 /* Sources */,
				97D3770F218C292500C81527 /* Frameworks */,
				97D37710218C292500C81527 /* Resources */,
			);
			buildRules = (
			);
			dependencies = (
			);
			name = "各种基础知识测试";
			productName = "各种基础知识测试";
			productReference = 97D37712218C292500C81527 /* 各种基础知识测试.app */;
			productType = "com.apple.product-type.application";
		};
		97D37729218C292900C81527 /* 各种基础知识测试Tests */ = {
			isa = PBXNativeTarget;
			buildConfigurationList = 97D37741218C292900C81527 /* Build configuration list for PBXNativeTarget "各种基础知识测试Tests" */;
			buildPhases = (
				97D37726218C292900C81527 /* Sources */,
				97D37727218C292900C81527 /* Frameworks */,
				97D37728218C292900C81527 /* Resources */,
			);
			buildRules = (
			);
			dependencies = (
				97D3772C218C292900C81527 /* PBXTargetDependency */,
			);
			name = "各种基础知识测试Tests";
			productName = "各种基础知识测试Tests";
			productReference = 97D3772A218C292900C81527 /* 各种基础知识测试Tests.xctest */;
			productType = "com.apple.product-type.bundle.unit-test";
		};
		97D37734218C292900C81527 /* 各种基础知识测试UITests */ = {
			isa = PBXNativeTarget;
			buildConfigurationList = 97D37744218C292900C81527 /* Build configuration list for PBXNativeTarget "各种基础知识测试UITests" */;
			buildPhases = (
				97D37731218C292900C81527 /* Sources */,
				97D37732218C292900C81527 /* Frameworks */,
				97D37733218C292900C81527 /* Resources */,
			);
			buildRules = (
			);
			dependencies = (
				97D37737218C292900C81527 /* PBXTargetDependency */,
			);
			name = "各种基础知识测试UITests";
			productName = "各种基础知识测试UITests";
			productReference = 97D37735218C292900C81527 /* 各种基础知识测试UITests.xctest */;
			productType = "com.apple.product-type.bundle.ui-testing";
		};
/* End PBXNativeTarget section */

/* Begin PBXProject section */
		97D3770A218C292500C81527 /* Project object */ = {
			isa = PBXProject;
			attributes = {
				LastUpgradeCheck = 1000;
				ORGANIZATIONNAME = "张冲";
				TargetAttributes = {
					97D37711218C292500C81527 = {
						CreatedOnToolsVersion = 10.0;
					};
					97D37729218C292900C81527 = {
						CreatedOnToolsVersion = 10.0;
						TestTargetID = 97D37711218C292500C81527;
					};
					97D37734218C292900C81527 = {
						CreatedOnToolsVersion = 10.0;
						TestTargetID = 97D37711218C292500C81527;
					};
				};
			};
			buildConfigurationList = 97D3770D218C292500C81527 /* Build configuration list for PBXProject "各种基础知识测试" */;
			compatibilityVersion = "Xcode 9.3";
			developmentRegion = en;
			hasScannedForEncodings = 0;
			knownRegions = (
				en,
				Base,
			);
			mainGroup = 97D37709218C292500C81527;
			productRefGroup = 97D37713218C292500C81527 /* Products */;
			projectDirPath = "";
			projectRoot = "";
			targets = (
				97D37711218C292500C81527 /* 各种基础知识测试 */,
				97D37729218C292900C81527 /* 各种基础知识测试Tests */,
				97D37734218C292900C81527 /* 各种基础知识测试UITests */,
			);
		};
/* End PBXProject section */

/* Begin PBXResourcesBuildPhase section */
		97D37710218C292500C81527 /* Resources */ = {
			isa = PBXResourcesBuildPhase;
			buildActionMask = 2147483647;
			files = (
				97D37722218C292800C81527 /* LaunchScreen.storyboard in Resources */,
				97D3771F218C292800C81527 /* Assets.xcassets in Resources */,
				97D3771D218C292500C81527 /* Main.storyboard in Resources */,
			);
			runOnlyForDeploymentPostprocessing = 0;
		};
		97D37728218C292900C81527 /* Resources */ = {
			isa = PBXResourcesBuildPhase;
			buildActionMask = 2147483647;
			files = (
			);
			runOnlyForDeploymentPostprocessing = 0;
		};
		97D37733218C292900C81527 /* Resources */ = {
			isa = PBXResourcesBuildPhase;
			buildActionMask = 2147483647;
			files = (
			);
			runOnlyForDeploymentPostprocessing = 0;
		};
/* End PBXResourcesBuildPhase section */

/* Begin PBXSourcesBuildPhase section */
		97D3770E218C292500C81527 /* Sources */ = {
			isa = PBXSourcesBuildPhase;
			buildActionMask = 2147483647;
			files = (
				97D3771A218C292500C81527 /* ViewController.m in Sources */,
				97D37725218C292900C81527 /* main.m in Sources */,
				97D37717218C292500C81527 /* AppDelegate.m in Sources */,
			);
			runOnlyForDeploymentPostprocessing = 0;
		};
		97D37726218C292900C81527 /* Sources */ = {
			isa = PBXSourcesBuildPhase;
			buildActionMask = 2147483647;
			files = (
				97D3772F218C292900C81527 /* ________Tests.m in Sources */,
			);
			runOnlyForDeploymentPostprocessing = 0;
		};
		97D37731218C292900C81527 /* Sources */ = {
			isa = PBXSourcesBuildPhase;
			buildActionMask = 2147483647;
			files = (
				97D3773A218C292900C81527 /* ________UITests.m in Sources */,
			);
			runOnlyForDeploymentPostprocessing = 0;
		};
/* End PBXSourcesBuildPhase section */

/* Begin PBXTargetDependency section */
		97D3772C218C292900C81527 /* PBXTargetDependency */ = {
			isa = PBXTargetDependency;
			target = 97D37711218C292500C81527 /* 各种基础知识测试 */;
			targetProxy = 97D3772B218C292900C81527 /* PBXContainerItemProxy */;
		};
		97D37737218C292900C81527 /* PBXTargetDependency */ = {
			isa = PBXTargetDependency;
			target = 97D37711218C292500C81527 /* 各种基础知识测试 */;
			targetProxy = 97D37736218C292900C81527 /* PBXContainerItemProxy */;
		};
/* End PBXTargetDependency section */

/* Begin PBXVariantGroup section */
		97D3771B218C292500C81527 /* Main.storyboard */ = {
			isa = PBXVariantGroup;
			children = (
				97D3771C218C292500C81527 /* Base */,
			);
			name = Main.storyboard;
			sourceTree = "<group>";
		};
		97D37720218C292800C81527 /* LaunchScreen.storyboard */ = {
			isa = PBXVariantGroup;
			children = (
				97D37721218C292800C81527 /* Base */,
			);
			name = LaunchScreen.storyboard;
			sourceTree = "<group>";
		};
/* End PBXVariantGroup section */

/* Begin XCBuildConfiguration section */
		97D3773C218C292900C81527 /* Debug */ = {
			isa = XCBuildConfiguration;
			buildSettings = {
				ALWAYS_SEARCH_USER_PATHS = NO;
				CLANG_ANALYZER_NONNULL = YES;
				CLANG_ANALYZER_NUMBER_OBJECT_CONVERSION = YES_AGGRESSIVE;
				CLANG_CXX_LANGUAGE_STANDARD = "gnu++14";
				CLANG_CXX_LIBRARY = "libc++";
				CLANG_ENABLE_MODULES = YES;
				CLANG_ENABLE_OBJC_ARC = YES;
				CLANG_ENABLE_OBJC_WEAK = YES;
				CLANG_WARN_BLOCK_CAPTURE_AUTORELEASING = YES;
				CLANG_WARN_BOOL_CONVERSION = YES;
				CLANG_WARN_COMMA = YES;
				CLANG_WARN_CONSTANT_CONVERSION = YES;
				CLANG_WARN_DEPRECATED_OBJC_IMPLEMENTATIONS = YES;
				CLANG_WARN_DIRECT_OBJC_ISA_USAGE = YES_ERROR;
				CLANG_WARN_DOCUMENTATION_COMMENTS = YES;
				CLANG_WARN_EMPTY_BODY = YES;
				CLANG_WARN_ENUM_CONVERSION = YES;
				CLANG_WARN_INFINITE_RECURSION = YES;
				CLANG_WARN_INT_CONVERSION = YES;
				CLANG_WARN_NON_LITERAL_NULL_CONVERSION = YES;
				CLANG_WARN_OBJC_IMPLICIT_RETAIN_SELF = YES;
				CLANG_WARN_OBJC_LITERAL_CONVERSION = YES;
				CLANG_WARN_OBJC_ROOT_CLASS = YES_ERROR;
				CLANG_WARN_RANGE_LOOP_ANALYSIS = YES;
				CLANG_WARN_STRICT_PROTOTYPES = YES;
				CLANG_WARN_SUSPICIOUS_MOVE = YES;
				CLANG_WARN_UNGUARDED_AVAILABILITY = YES_AGGRESSIVE;
				CLANG_WARN_UNREACHABLE_CODE = YES;
				CLANG_WARN__DUPLICATE_METHOD_MATCH = YES;
				CODE_SIGN_IDENTITY = "iPhone Developer";
				COPY_PHASE_STRIP = NO;
				DEBUG_INFORMATION_FORMAT = dwarf;
				ENABLE_STRICT_OBJC_MSGSEND = YES;
				ENABLE_TESTABILITY = YES;
				GCC_C_LANGUAGE_STANDARD = gnu11;
				GCC_DYNAMIC_NO_PIC = NO;
				GCC_NO_COMMON_BLOCKS = YES;
				GCC_OPTIMIZATION_LEVEL = 0;
				GCC_PREPROCESSOR_DEFINITIONS = (
					"DEBUG=1",
					"$(inherited)",
				);
				GCC_WARN_64_TO_32_BIT_CONVERSION = YES;
				GCC_WARN_ABOUT_RETURN_TYPE = YES_ERROR;
				GCC_WARN_UNDECLARED_SELECTOR = YES;
				GCC_WARN_UNINITIALIZED_AUTOS = YES_AGGRESSIVE;
				GCC_WARN_UNUSED_FUNCTION = YES;
				GCC_WARN_UNUSED_VARIABLE = YES;
				IPHONEOS_DEPLOYMENT_TARGET = 12.0;
				MTL_ENABLE_DEBUG_INFO = INCLUDE_SOURCE;
				MTL_FAST_MATH = YES;
				ONLY_ACTIVE_ARCH = YES;
				SDKROOT = iphoneos;
			};
			name = Debug;
		};
		97D3773D218C292900C81527 /* Release */ = {
			isa = XCBuildConfiguration;
			buildSettings = {
				ALWAYS_SEARCH_USER_PATHS = NO;
				CLANG_ANALYZER_NONNULL = YES;
				CLANG_ANALYZER_NUMBER_OBJECT_CONVERSION = YES_AGGRESSIVE;
				CLANG_CXX_LANGUAGE_STANDARD = "gnu++14";
				CLANG_CXX_LIBRARY = "libc++";
				CLANG_ENABLE_MODULES = YES;
				CLANG_ENABLE_OBJC_ARC = YES;
				CLANG_ENABLE_OBJC_WEAK = YES;
				CLANG_WARN_BLOCK_CAPTURE_AUTORELEASING = YES;
				CLANG_WARN_BOOL_CONVERSION = YES;
				CLANG_WARN_COMMA = YES;
				CLANG_WARN_CONSTANT_CONVERSION = YES;
				CLANG_WARN_DEPRECATED_OBJC_IMPLEMENTATIONS = YES;
				CLANG_WARN_DIRECT_OBJC_ISA_USAGE = YES_ERROR;
				CLANG_WARN_DOCUMENTATION_COMMENTS = YES;
				CLANG_WARN_EMPTY_BODY = YES;
				CLANG_WARN_ENUM_CONVERSION = YES;
				CLANG_WARN_INFINITE_RECURSION = YES;
				CLANG_WARN_INT_CONVERSION = YES;
				CLANG_WARN_NON_LITERAL_NULL_CONVERSION = YES;
				CLANG_WARN_OBJC_IMPLICIT_RETAIN_SELF = YES;
				CLANG_WARN_OBJC_LITERAL_CONVERSION = YES;
				CLANG_WARN_OBJC_ROOT_CLASS = YES_ERROR;
				CLANG_WARN_RANGE_LOOP_ANALYSIS = YES;
				CLANG_WARN_STRICT_PROTOTYPES = YES;
				CLANG_WARN_SUSPICIOUS_MOVE = YES;
				CLANG_WARN_UNGUARDED_AVAILABILITY = YES_AGGRESSIVE;
				CLANG_WARN_UNREACHABLE_CODE = YES;
				CLANG_WARN__DUPLICATE_METHOD_MATCH = YES;
				CODE_SIGN_IDENTITY = "iPhone Developer";
				COPY_PHASE_STRIP = NO;
				DEBUG_INFORMATION_FORMAT = "dwarf-with-dsym";
				ENABLE_NS_ASSERTIONS = NO;
				ENABLE_STRICT_OBJC_MSGSEND = YES;
				GCC_C_LANGUAGE_STANDARD = gnu11;
				GCC_NO_COMMON_BLOCKS = YES;
				GCC_WARN_64_TO_32_BIT_CONVERSION = YES;
				GCC_WARN_ABOUT_RETURN_TYPE = YES_ERROR;
				GCC_WARN_UNDECLARED_SELECTOR = YES;
				GCC_WARN_UNINITIALIZED_AUTOS = YES_AGGRESSIVE;
				GCC_WARN_UNUSED_FUNCTION = YES;
				GCC_WARN_UNUSED_VARIABLE = YES;
				IPHONEOS_DEPLOYMENT_TARGET = 12.0;
				MTL_ENABLE_DEBUG_INFO = NO;
				MTL_FAST_MATH = YES;
				SDKROOT = iphoneos;
				VALIDATE_PRODUCT = YES;
			};
			name = Release;
		};
		97D3773F218C292900C81527 /* Debug */ = {
			isa = XCBuildConfiguration;
			buildSettings = {
				ASSETCATALOG_COMPILER_APPICON_NAME = AppIcon;
				CODE_SIGN_STYLE = Automatic;
				DEVELOPMENT_TEAM = 2P8PM3SXN5;
				INFOPLIST_FILE = "各种基础知识测试/Info.plist";
				LD_RUNPATH_SEARCH_PATHS = (
					"$(inherited)",
					"@executable_path/Frameworks",
				);
				PRODUCT_BUNDLE_IDENTIFIER = "zhangcc.--------";
				PRODUCT_NAME = "$(TARGET_NAME)";
				TARGETED_DEVICE_FAMILY = "1,2";
			};
			name = Debug;
		};
		97D37740218C292900C81527 /* Release */ = {
			isa = XCBuildConfiguration;
			buildSettings = {
				ASSETCATALOG_COMPILER_APPICON_NAME = AppIcon;
				CODE_SIGN_STYLE = Automatic;
				DEVELOPMENT_TEAM = 2P8PM3SXN5;
				INFOPLIST_FILE = "各种基础知识测试/Info.plist";
				LD_RUNPATH_SEARCH_PATHS = (
					"$(inherited)",
					"@executable_path/Frameworks",
				);
				PRODUCT_BUNDLE_IDENTIFIER = "zhangcc.--------";
				PRODUCT_NAME = "$(TARGET_NAME)";
				TARGETED_DEVICE_FAMILY = "1,2";
			};
			name = Release;
		};
		97D37742218C292900C81527 /* Debug */ = {
			isa = XCBuildConfiguration;
			buildSettings = {
				BUNDLE_LOADER = "$(TEST_HOST)";
				CODE_SIGN_STYLE = Automatic;
				DEVELOPMENT_TEAM = 2P8PM3SXN5;
				INFOPLIST_FILE = "各种基础知识测试Tests/Info.plist";
				LD_RUNPATH_SEARCH_PATHS = (
					"$(inherited)",
					"@executable_path/Frameworks",
					"@loader_path/Frameworks",
				);
				PRODUCT_BUNDLE_IDENTIFIER = "zhangcc.--------Tests";
				PRODUCT_NAME = "$(TARGET_NAME)";
				TARGETED_DEVICE_FAMILY = "1,2";
				TEST_HOST = "$(BUILT_PRODUCTS_DIR)/各种基础知识测试.app/各种基础知识测试";
			};
			name = Debug;
		};
		97D37743218C292900C81527 /* Release */ = {
			isa = XCBuildConfiguration;
			buildSettings = {
				BUNDLE_LOADER = "$(TEST_HOST)";
				CODE_SIGN_STYLE = Automatic;
				DEVELOPMENT_TEAM = 2P8PM3SXN5;
				INFOPLIST_FILE = "各种基础知识测试Tests/Info.plist";
				LD_RUNPATH_SEARCH_PATHS = (
					"$(inherited)",
					"@executable_path/Frameworks",
					"@loader_path/Frameworks",
				);
				PRODUCT_BUNDLE_IDENTIFIER = "zhangcc.--------Tests";
				PRODUCT_NAME = "$(TARGET_NAME)";
				TARGETED_DEVICE_FAMILY = "1,2";
				TEST_HOST = "$(BUILT_PRODUCTS_DIR)/各种基础知识测试.app/各种基础知识测试";
			};
			name = Release;
		};
		97D37745218C292900C81527 /* Debug */ = {
			isa = XCBuildConfiguration;
			buildSettings = {
				CODE_SIGN_STYLE = Automatic;
				DEVELOPMENT_TEAM = 2P8PM3SXN5;
				INFOPLIST_FILE = "各种基础知识测试UITests/Info.plist";
				LD_RUNPATH_SEARCH_PATHS = (
					"$(inherited)",
					"@executable_path/Frameworks",
					"@loader_path/Frameworks",
				);
				PRODUCT_BUNDLE_IDENTIFIER = "zhangcc.--------UITests";
				PRODUCT_NAME = "$(TARGET_NAME)";
				TARGETED_DEVICE_FAMILY = "1,2";
				TEST_TARGET_NAME = "各种基础知识测试";
			};
			name = Debug;
		};
		97D37746218C292900C81527 /* Release */ = {
			isa = XCBuildConfiguration;
			buildSettings = {
				CODE_SIGN_STYLE = Automatic;
				DEVELOPMENT_TEAM = 2P8PM3SXN5;
				INFOPLIST_FILE = "各种基础知识测试UITests/Info.plist";
				LD_RUNPATH_SEARCH_PATHS = (
					"$(inherited)",
					"@executable_path/Frameworks",
					"@loader_path/Frameworks",
				);
				PRODUCT_BUNDLE_IDENTIFIER = "zhangcc.--------UITests";
				PRODUCT_NAME = "$(TARGET_NAME)";
				TARGETED_DEVICE_FAMILY = "1,2";
				TEST_TARGET_NAME = "各种基础知识测试";
			};
			name = Release;
		};
/* End XCBuildConfiguration section */

/* Begin XCConfigurationList section */
		97D3770D218C292500C81527 /* Build configuration list for PBXProject "各种基础知识测试" */ = {
			isa = XCConfigurationList;
			buildConfigurations = (
				97D3773C218C292900C81527 /* Debug */,
				97D3773D218C292900C81527 /* Release */,
			);
			defaultConfigurationIsVisible = 0;
			defaultConfigurationName = Release;
		};
		97D3773E218C292900C81527 /* Build configuration list for PBXNativeTarget "各种基础知识测试" */ = {
			isa = XCConfigurationList;
			buildConfigurations = (
				97D3773F218C292900C81527 /* Debug */,
				97D37740218C292900C81527 /* Release */,
			);
			defaultConfigurationIsVisible = 0;
			defaultConfigurationName = Release;
		};
		97D37741218C292900C81527 /* Build configuration list for PBXNativeTarget "各种基础知识测试Tests" */ = {
			isa = XCConfigurationList;
			buildConfigurations = (
				97D37742218C292900C81527 /* Debug */,
				97D37743218C292900C81527 /* Release */,
			);
			defaultConfigurationIsVisible = 0;
			defaultConfigurationName = Release;
		};
		97D37744218C292900C81527 /* Build configuration list for PBXNativeTarget "各种基础知识测试UITests" */ = {
			isa = XCConfigurationList;
			buildConfigurations = (
				97D37745218C292900C81527 /* Debug */,
				97D37746218C292900C81527 /* Release */,
			);
			defaultConfigurationIsVisible = 0;
			defaultConfigurationName = Release;
		};
/* End XCConfigurationList section */
	};
	rootObject = 97D3770A218C292500C81527 /* Project object */;
}
